
Microsoft Visual Studio Solution File, Format Version 12.00
# Visual Studio Version 17
VisualStudioVersion = 17.3.32804.467
MinimumVisualStudioVersion = 10.0.40219.1
Project("{FAE04EC0-301F-11D3-BF4B-00C04F79EFBC}") = "Portfolio", "Portfolio\Portfolio.csproj", "{1B462A11-14BF-4977-AB43-1D66E8EFC913}"
EndProject
Global
	GlobalSection(SolutionConfigurationPlatforms) = preSolution
		Debug|Any CPU = Debug|Any CPU
		Release|Any CPU = Release|Any CPU
	EndGlobalSection
	GlobalSection(ProjectConfigurationPlatforms) = postSolution
		{1B462A11-14BF-4977-AB43-1D66E8EFC913}.Debug|Any CPU.ActiveCfg = Debug|Any CPU
		{1B462A11-14BF-4977-AB43-1D66E8EFC913}.Debug|Any CPU.Build.0 = Debug|Any CPU
		{1B462A11-14BF-4977-AB43-1D66E8EFC913}.Release|Any CPU.ActiveCfg = Release|Any CPU
		{1B462A11-14BF-4977-AB43-1D66E8EFC913}.Release|Any CPU.Build.0 = Release|Any CPU
	EndGlobalSection
	GlobalSection(SolutionProperties) = preSolution
		HideSolutionNode = FALSE
	EndGlobalSection
	GlobalSection(ExtensibilityGlobals) = postSolution
		SolutionGuid = {2BA826C5-D32F-49C6-8B32-9982DEA010B2}
	EndGlobalSection
EndGlobal
